
Microsoft Visual Studio Solution File, Format Version 12.00
# Visual Studio Version 16
VisualStudioVersion = 16.0.30503.244
MinimumVisualStudioVersion = 15.0.26124.0
Project("{9A19103F-16F7-4668-BE54-9A1E7A4F7556}") = "WebJournal2.API", "WebJournal2.API\WebJournal2.API.csproj", "{747D55EF-13E3-47D6-A7D2-7BFED869A209}"
EndProject
Project("{9A19103F-16F7-4668-BE54-9A1E7A4F7556}") = "WebJournal2.API.Core", "WebJournal2.API.Core\WebJournal2.API.Core.csproj", "{A19A6DF4-943B-4A5F-A796-DCF8A8124651}"
EndProject
Project("{9A19103F-16F7-4668-BE54-9A1E7A4F7556}") = "WebJournal2.API.Migrations", "WebJournal2.API.Migrations\WebJournal2.API.Migrations.csproj", "{88367536-897D-48A7-8160-F7D8BAD32BA7}"
EndProject
Project("{9A19103F-16F7-4668-BE54-9A1E7A4F7556}") = "WebJournal2.Web", "WebJournal2.Web\WebJournal2.Web.csproj", "{15CE2D09-65FA-4441-B561-D799EAF513E2}"
EndProject
Project("{2150E333-8FDC-42A3-9474-1A3956D46DE8}") = "API", "API", "{F2691E2D-4DE5-4C78-AD89-83B68928222F}"
EndProject
Project("{2150E333-8FDC-42A3-9474-1A3956D46DE8}") = "PWA", "PWA", "{AC6D7282-5545-4D38-9B51-304D6F61D90D}"
EndProject
Project("{9A19103F-16F7-4668-BE54-9A1E7A4F7556}") = "WebJournal2.Web.Core", "WebJournal2.Web.Core\WebJournal2.Web.Core.csproj", "{035F105B-45A7-4EFD-9BFE-ED3DFDEB952E}"
EndProject
Global
	GlobalSection(SolutionConfigurationPlatforms) = preSolution
		Debug|Any CPU = Debug|Any CPU
		Release|Any CPU = Release|Any CPU
	EndGlobalSection
	GlobalSection(ProjectConfigurationPlatforms) = postSolution
		{747D55EF-13E3-47D6-A7D2-7BFED869A209}.Debug|Any CPU.ActiveCfg = Debug|Any CPU
		{747D55EF-13E3-47D6-A7D2-7BFED869A209}.Debug|Any CPU.Build.0 = Debug|Any CPU
		{747D55EF-13E3-47D6-A7D2-7BFED869A209}.Release|Any CPU.ActiveCfg = Release|Any CPU
		{747D55EF-13E3-47D6-A7D2-7BFED869A209}.Release|Any CPU.Build.0 = Release|Any CPU
		{A19A6DF4-943B-4A5F-A796-DCF8A8124651}.Debug|Any CPU.ActiveCfg = Debug|Any CPU
		{A19A6DF4-943B-4A5F-A796-DCF8A8124651}.Debug|Any CPU.Build.0 = Debug|Any CPU
		{A19A6DF4-943B-4A5F-A796-DCF8A8124651}.Release|Any CPU.ActiveCfg = Release|Any CPU
		{A19A6DF4-943B-4A5F-A796-DCF8A8124651}.Release|Any CPU.Build.0 = Release|Any CPU
		{88367536-897D-48A7-8160-F7D8BAD32BA7}.Debug|Any CPU.ActiveCfg = Debug|Any CPU
		{88367536-897D-48A7-8160-F7D8BAD32BA7}.Debug|Any CPU.Build.0 = Debug|Any CPU
		{88367536-897D-48A7-8160-F7D8BAD32BA7}.Release|Any CPU.ActiveCfg = Release|Any CPU
		{88367536-897D-48A7-8160-F7D8BAD32BA7}.Release|Any CPU.Build.0 = Release|Any CPU
		{15CE2D09-65FA-4441-B561-D799EAF513E2}.Debug|Any CPU.ActiveCfg = Debug|Any CPU
		{15CE2D09-65FA-4441-B561-D799EAF513E2}.Debug|Any CPU.Build.0 = Debug|Any CPU
		{15CE2D09-65FA-4441-B561-D799EAF513E2}.Release|Any CPU.ActiveCfg = Release|Any CPU
		{15CE2D09-65FA-4441-B561-D799EAF513E2}.Release|Any CPU.Build.0 = Release|Any CPU
		{035F105B-45A7-4EFD-9BFE-ED3DFDEB952E}.Debug|Any CPU.ActiveCfg = Debug|Any CPU
		{035F105B-45A7-4EFD-9BFE-ED3DFDEB952E}.Debug|Any CPU.Build.0 = Debug|Any CPU
		{035F105B-45A7-4EFD-9BFE-ED3DFDEB952E}.Release|Any CPU.ActiveCfg = Release|Any CPU
		{035F105B-45A7-4EFD-9BFE-ED3DFDEB952E}.Release|Any CPU.Build.0 = Release|Any CPU
	EndGlobalSection
	GlobalSection(SolutionProperties) = preSolution
		HideSolutionNode = FALSE
	EndGlobalSection
	GlobalSection(NestedProjects) = preSolution
		{747D55EF-13E3-47D6-A7D2-7BFED869A209} = {F2691E2D-4DE5-4C78-AD89-83B68928222F}
		{A19A6DF4-943B-4A5F-A796-DCF8A8124651} = {F2691E2D-4DE5-4C78-AD89-83B68928222F}
		{88367536-897D-48A7-8160-F7D8BAD32BA7} = {F2691E2D-4DE5-4C78-AD89-83B68928222F}
		{15CE2D09-65FA-4441-B561-D799EAF513E2} = {AC6D7282-5545-4D38-9B51-304D6F61D90D}
		{035F105B-45A7-4EFD-9BFE-ED3DFDEB952E} = {AC6D7282-5545-4D38-9B51-304D6F61D90D}
	EndGlobalSection
	GlobalSection(ExtensibilityGlobals) = postSolution
		SolutionGuid = {D2E65E5A-BA29-4A20-996C-DC3717962664}
	EndGlobalSection
EndGlobal
