
Microsoft Visual Studio Solution File, Format Version 12.00
# Visual Studio Version 16
VisualStudioVersion = 16.0.30503.244
MinimumVisualStudioVersion = 15.0.26124.0
Project("{9A19103F-16F7-4668-BE54-9A1E7A4F7556}") = "WebJournal2.API", "WebJournal2.API\WebJournal2.API.csproj", "{747D55EF-13E3-47D6-A7D2-7BFED869A209}"
EndProject
Project("{9A19103F-16F7-4668-BE54-9A1E7A4F7556}") = "WebJournal2.Migrations", "WebJournal2.Migrations\WebJournal2.Migrations.csproj", "{16D3C7E5-17A0-4CC9-A805-90D9012556E2}"
EndProject
Project("{FAE04EC0-301F-11D3-BF4B-00C04F79EFBC}") = "WebJournal2.Core", "WebJournal2.Core\WebJournal2.Core.csproj", "{BCB50A83-D8C0-4092-8008-6023FA255B0C}"
EndProject
Global
	GlobalSection(SolutionConfigurationPlatforms) = preSolution
		Debug|Any CPU = Debug|Any CPU
		Release|Any CPU = Release|Any CPU
	EndGlobalSection
	GlobalSection(ProjectConfigurationPlatforms) = postSolution
		{747D55EF-13E3-47D6-A7D2-7BFED869A209}.Debug|Any CPU.ActiveCfg = Debug|Any CPU
		{747D55EF-13E3-47D6-A7D2-7BFED869A209}.Debug|Any CPU.Build.0 = Debug|Any CPU
		{747D55EF-13E3-47D6-A7D2-7BFED869A209}.Release|Any CPU.ActiveCfg = Release|Any CPU
		{747D55EF-13E3-47D6-A7D2-7BFED869A209}.Release|Any CPU.Build.0 = Release|Any CPU
		{16D3C7E5-17A0-4CC9-A805-90D9012556E2}.Debug|Any CPU.ActiveCfg = Debug|Any CPU
		{16D3C7E5-17A0-4CC9-A805-90D9012556E2}.Debug|Any CPU.Build.0 = Debug|Any CPU
		{16D3C7E5-17A0-4CC9-A805-90D9012556E2}.Release|Any CPU.ActiveCfg = Release|Any CPU
		{16D3C7E5-17A0-4CC9-A805-90D9012556E2}.Release|Any CPU.Build.0 = Release|Any CPU
		{BCB50A83-D8C0-4092-8008-6023FA255B0C}.Debug|Any CPU.ActiveCfg = Debug|Any CPU
		{BCB50A83-D8C0-4092-8008-6023FA255B0C}.Debug|Any CPU.Build.0 = Debug|Any CPU
		{BCB50A83-D8C0-4092-8008-6023FA255B0C}.Release|Any CPU.ActiveCfg = Release|Any CPU
		{BCB50A83-D8C0-4092-8008-6023FA255B0C}.Release|Any CPU.Build.0 = Release|Any CPU
	EndGlobalSection
	GlobalSection(SolutionProperties) = preSolution
		HideSolutionNode = FALSE
	EndGlobalSection
	GlobalSection(ExtensibilityGlobals) = postSolution
		SolutionGuid = {D2E65E5A-BA29-4A20-996C-DC3717962664}
	EndGlobalSection
EndGlobal
